
Microsoft Visual Studio Solution File, Format Version 12.00
# Visual Studio Version 17
VisualStudioVersion = 17.8.34511.84
MinimumVisualStudioVersion = 10.0.40219.1
Project("{9A19103F-16F7-4668-BE54-9A1E7A4F7556}") = "BlazingChat.Server", "BlazingChat\Server\BlazingChat.Server.csproj", "{43FD49A0-FCB9-4468-9AF4-4D193F49779E}"
EndProject
Project("{9A19103F-16F7-4668-BE54-9A1E7A4F7556}") = "BlazingChat.Client", "BlazingChat\Client\BlazingChat.Client.csproj", "{D67F38E9-49C6-4902-80D5-36AFC622D8AF}"
EndProject
Project("{9A19103F-16F7-4668-BE54-9A1E7A4F7556}") = "BlazingChat.Shared", "BlazingChat\Shared\BlazingChat.Shared.csproj", "{6EB7E020-E73E-4A1D-AF32-9B164C6E7302}"
EndProject
Global
	GlobalSection(SolutionConfigurationPlatforms) = preSolution
		Debug|Any CPU = Debug|Any CPU
		Release|Any CPU = Release|Any CPU
	EndGlobalSection
	GlobalSection(ProjectConfigurationPlatforms) = postSolution
		{43FD49A0-FCB9-4468-9AF4-4D193F49779E}.Debug|Any CPU.ActiveCfg = Debug|Any CPU
		{43FD49A0-FCB9-4468-9AF4-4D193F49779E}.Debug|Any CPU.Build.0 = Debug|Any CPU
		{43FD49A0-FCB9-4468-9AF4-4D193F49779E}.Release|Any CPU.ActiveCfg = Release|Any CPU
		{43FD49A0-FCB9-4468-9AF4-4D193F49779E}.Release|Any CPU.Build.0 = Release|Any CPU
		{D67F38E9-49C6-4902-80D5-36AFC622D8AF}.Debug|Any CPU.ActiveCfg = Debug|Any CPU
		{D67F38E9-49C6-4902-80D5-36AFC622D8AF}.Debug|Any CPU.Build.0 = Debug|Any CPU
		{D67F38E9-49C6-4902-80D5-36AFC622D8AF}.Release|Any CPU.ActiveCfg = Release|Any CPU
		{D67F38E9-49C6-4902-80D5-36AFC622D8AF}.Release|Any CPU.Build.0 = Release|Any CPU
		{6EB7E020-E73E-4A1D-AF32-9B164C6E7302}.Debug|Any CPU.ActiveCfg = Debug|Any CPU
		{6EB7E020-E73E-4A1D-AF32-9B164C6E7302}.Debug|Any CPU.Build.0 = Debug|Any CPU
		{6EB7E020-E73E-4A1D-AF32-9B164C6E7302}.Release|Any CPU.ActiveCfg = Release|Any CPU
		{6EB7E020-E73E-4A1D-AF32-9B164C6E7302}.Release|Any CPU.Build.0 = Release|Any CPU
	EndGlobalSection
	GlobalSection(SolutionProperties) = preSolution
		HideSolutionNode = FALSE
	EndGlobalSection
	GlobalSection(ExtensibilityGlobals) = postSolution
		SolutionGuid = {D99750C7-5198-4BB0-97AC-5B45695F2473}
	EndGlobalSection
EndGlobal
